// !$*UTF8*$!
{
	archiveVersion = 1;
	classes = {
	};
	objectVersion = 56;
	objects = {

/* Begin PBXBuildFile section */
		3F2469E02AA66A2B00A415AA /* DecodingService.swift in Sources */ = {isa = PBXBuildFile; fileRef = 3F2469DC2AA66A2B00A415AA /* DecodingService.swift */; };
		3F2469E12AA66A2B00A415AA /* APIError.swift in Sources */ = {isa = PBXBuildFile; fileRef = 3F2469DD2AA66A2B00A415AA /* APIError.swift */; };
		3F2469E22AA66A2B00A415AA /* NewsGateway.swift in Sources */ = {isa = PBXBuildFile; fileRef = 3F2469DE2AA66A2B00A415AA /* NewsGateway.swift */; };
		3F2469E32AA66A2B00A415AA /* APIManager.swift in Sources */ = {isa = PBXBuildFile; fileRef = 3F2469DF2AA66A2B00A415AA /* APIManager.swift */; };
		3F2469E62AA66B3A00A415AA /* NewsModel.swift in Sources */ = {isa = PBXBuildFile; fileRef = 3F2469E52AA66B3A00A415AA /* NewsModel.swift */; };
		3F2469E92AA66F3A00A415AA /* HomeVM.swift in Sources */ = {isa = PBXBuildFile; fileRef = 3F2469E82AA66F3A00A415AA /* HomeVM.swift */; };
		3F2469EB2AA670A200A415AA /* HomeDataSourceProtocol.swift in Sources */ = {isa = PBXBuildFile; fileRef = 3F2469EA2AA670A200A415AA /* HomeDataSourceProtocol.swift */; };
		3F9F8F852AA5DE6900F36167 /* Seam_labs_TaskApp.swift in Sources */ = {isa = PBXBuildFile; fileRef = 3F9F8F842AA5DE6900F36167 /* Seam_labs_TaskApp.swift */; };
		3F9F8F872AA5DE6900F36167 /* HomeView.swift in Sources */ = {isa = PBXBuildFile; fileRef = 3F9F8F862AA5DE6900F36167 /* HomeView.swift */; };
		3F9F8F892AA5DE6A00F36167 /* Assets.xcassets in Resources */ = {isa = PBXBuildFile; fileRef = 3F9F8F882AA5DE6A00F36167 /* Assets.xcassets */; };
		3F9F8F8C2AA5DE6A00F36167 /* Preview Assets.xcassets in Resources */ = {isa = PBXBuildFile; fileRef = 3F9F8F8B2AA5DE6A00F36167 /* Preview Assets.xcassets */; };
		3F9F8F912AA5DE6A00F36167 /* NewsEntites.xcdatamodeld in Sources */ = {isa = PBXBuildFile; fileRef = 3F9F8F8F2AA5DE6A00F36167 /* NewsEntites.xcdatamodeld */; };
		3F9F8F9B2AA5DE6B00F36167 /* Seam_labs_TaskTests.swift in Sources */ = {isa = PBXBuildFile; fileRef = 3F9F8F9A2AA5DE6B00F36167 /* Seam_labs_TaskTests.swift */; };
		3F9F8FA52AA5DE6B00F36167 /* Seam_labs_TaskUITests.swift in Sources */ = {isa = PBXBuildFile; fileRef = 3F9F8FA42AA5DE6B00F36167 /* Seam_labs_TaskUITests.swift */; };
		3F9F8FA72AA5DE6B00F36167 /* Seam_labs_TaskUITestsLaunchTests.swift in Sources */ = {isa = PBXBuildFile; fileRef = 3F9F8FA62AA5DE6B00F36167 /* Seam_labs_TaskUITestsLaunchTests.swift */; };
		3FDB31882AA8863200E03C7A /* SDWebImageSwiftUI in Frameworks */ = {isa = PBXBuildFile; productRef = 3FDB31872AA8863200E03C7A /* SDWebImageSwiftUI */; };
		3FDB318A2AA8B8B800E03C7A /* DetailsView.swift in Sources */ = {isa = PBXBuildFile; fileRef = 3FDB31892AA8B8B800E03C7A /* DetailsView.swift */; };
		3FE512A92AA7A9FB00905CA3 /* DatabaseManager.swift in Sources */ = {isa = PBXBuildFile; fileRef = 3FE512A82AA7A9FA00905CA3 /* DatabaseManager.swift */; };
		3FE512AB2AA7B0B600905CA3 /* CoreDataStackManager.swift in Sources */ = {isa = PBXBuildFile; fileRef = 3FE512AA2AA7B0B600905CA3 /* CoreDataStackManager.swift */; };
		3FE512AD2AA7B1FD00905CA3 /* HomeLocalDataSource.swift in Sources */ = {isa = PBXBuildFile; fileRef = 3FE512AC2AA7B1FD00905CA3 /* HomeLocalDataSource.swift */; };
		3FE512AF2AA7B2BF00905CA3 /* NewEntities+CoreDataClass.swift in Sources */ = {isa = PBXBuildFile; fileRef = 3FE512AE2AA7B2BF00905CA3 /* NewEntities+CoreDataClass.swift */; };
		3FE512B12AA7B46900905CA3 /* NewsEntities+CoreDataProperties.swift in Sources */ = {isa = PBXBuildFile; fileRef = 3FE512B02AA7B46900905CA3 /* NewsEntities+CoreDataProperties.swift */; };
/* End PBXBuildFile section */

/* Begin PBXContainerItemProxy section */
		3F9F8F972AA5DE6B00F36167 /* PBXContainerItemProxy */ = {
			isa = PBXContainerItemProxy;
			containerPortal = 3F9F8F792AA5DE6900F36167 /* Project object */;
			proxyType = 1;
			remoteGlobalIDString = 3F9F8F802AA5DE6900F36167;
			remoteInfo = "Seam labs Task";
		};
		3F9F8FA12AA5DE6B00F36167 /* PBXContainerItemProxy */ = {
			isa = PBXContainerItemProxy;
			containerPortal = 3F9F8F792AA5DE6900F36167 /* Project object */;
			proxyType = 1;
			remoteGlobalIDString = 3F9F8F802AA5DE6900F36167;
			remoteInfo = "Seam labs Task";
		};
/* End PBXContainerItemProxy section */

/* Begin PBXFileReference section */
		3F2469DC2AA66A2B00A415AA /* DecodingService.swift */ = {isa = PBXFileReference; fileEncoding = 4; lastKnownFileType = sourcecode.swift; path = DecodingService.swift; sourceTree = "<group>"; };
		3F2469DD2AA66A2B00A415AA /* APIError.swift */ = {isa = PBXFileReference; fileEncoding = 4; lastKnownFileType = sourcecode.swift; path = APIError.swift; sourceTree = "<group>"; };
		3F2469DE2AA66A2B00A415AA /* NewsGateway.swift */ = {isa = PBXFileReference; fileEncoding = 4; lastKnownFileType = sourcecode.swift; path = NewsGateway.swift; sourceTree = "<group>"; };
		3F2469DF2AA66A2B00A415AA /* APIManager.swift */ = {isa = PBXFileReference; fileEncoding = 4; lastKnownFileType = sourcecode.swift; path = APIManager.swift; sourceTree = "<group>"; };
		3F2469E52AA66B3A00A415AA /* NewsModel.swift */ = {isa = PBXFileReference; lastKnownFileType = sourcecode.swift; path = NewsModel.swift; sourceTree = "<group>"; };
		3F2469E82AA66F3A00A415AA /* HomeVM.swift */ = {isa = PBXFileReference; lastKnownFileType = sourcecode.swift; path = HomeVM.swift; sourceTree = "<group>"; };
		3F2469EA2AA670A200A415AA /* HomeDataSourceProtocol.swift */ = {isa = PBXFileReference; lastKnownFileType = sourcecode.swift; path = HomeDataSourceProtocol.swift; sourceTree = "<group>"; };
		3F9F8F812AA5DE6900F36167 /* Seam labs Task.app */ = {isa = PBXFileReference; explicitFileType = wrapper.application; includeInIndex = 0; path = "Seam labs Task.app"; sourceTree = BUILT_PRODUCTS_DIR; };
		3F9F8F842AA5DE6900F36167 /* Seam_labs_TaskApp.swift */ = {isa = PBXFileReference; lastKnownFileType = sourcecode.swift; path = Seam_labs_TaskApp.swift; sourceTree = "<group>"; };
		3F9F8F862AA5DE6900F36167 /* HomeView.swift */ = {isa = PBXFileReference; lastKnownFileType = sourcecode.swift; path = HomeView.swift; sourceTree = "<group>"; };
		3F9F8F882AA5DE6A00F36167 /* Assets.xcassets */ = {isa = PBXFileReference; lastKnownFileType = folder.assetcatalog; path = Assets.xcassets; sourceTree = "<group>"; };
		3F9F8F8B2AA5DE6A00F36167 /* Preview Assets.xcassets */ = {isa = PBXFileReference; lastKnownFileType = folder.assetcatalog; path = "Preview Assets.xcassets"; sourceTree = "<group>"; };
		3F9F8F902AA5DE6A00F36167 /* Seam_labs_Task.xcdatamodel */ = {isa = PBXFileReference; lastKnownFileType = wrapper.xcdatamodel; path = Seam_labs_Task.xcdatamodel; sourceTree = "<group>"; };
		3F9F8F962AA5DE6B00F36167 /* Seam labs TaskTests.xctest */ = {isa = PBXFileReference; explicitFileType = wrapper.cfbundle; includeInIndex = 0; path = "Seam labs TaskTests.xctest"; sourceTree = BUILT_PRODUCTS_DIR; };
		3F9F8F9A2AA5DE6B00F36167 /* Seam_labs_TaskTests.swift */ = {isa = PBXFileReference; lastKnownFileType = sourcecode.swift; path = Seam_labs_TaskTests.swift; sourceTree = "<group>"; };
		3F9F8FA02AA5DE6B00F36167 /* Seam labs TaskUITests.xctest */ = {isa = PBXFileReference; explicitFileType = wrapper.cfbundle; includeInIndex = 0; path = "Seam labs TaskUITests.xctest"; sourceTree = BUILT_PRODUCTS_DIR; };
		3F9F8FA42AA5DE6B00F36167 /* Seam_labs_TaskUITests.swift */ = {isa = PBXFileReference; lastKnownFileType = sourcecode.swift; path = Seam_labs_TaskUITests.swift; sourceTree = "<group>"; };
		3F9F8FA62AA5DE6B00F36167 /* Seam_labs_TaskUITestsLaunchTests.swift */ = {isa = PBXFileReference; lastKnownFileType = sourcecode.swift; path = Seam_labs_TaskUITestsLaunchTests.swift; sourceTree = "<group>"; };
		3FDB31892AA8B8B800E03C7A /* DetailsView.swift */ = {isa = PBXFileReference; lastKnownFileType = sourcecode.swift; path = DetailsView.swift; sourceTree = "<group>"; };
		3FE512A82AA7A9FA00905CA3 /* DatabaseManager.swift */ = {isa = PBXFileReference; fileEncoding = 4; lastKnownFileType = sourcecode.swift; path = DatabaseManager.swift; sourceTree = "<group>"; };
		3FE512AA2AA7B0B600905CA3 /* CoreDataStackManager.swift */ = {isa = PBXFileReference; lastKnownFileType = sourcecode.swift; path = CoreDataStackManager.swift; sourceTree = "<group>"; };
		3FE512AC2AA7B1FD00905CA3 /* HomeLocalDataSource.swift */ = {isa = PBXFileReference; lastKnownFileType = sourcecode.swift; path = HomeLocalDataSource.swift; sourceTree = "<group>"; };
		3FE512AE2AA7B2BF00905CA3 /* NewEntities+CoreDataClass.swift */ = {isa = PBXFileReference; lastKnownFileType = sourcecode.swift; path = "NewEntities+CoreDataClass.swift"; sourceTree = "<group>"; };
		3FE512B02AA7B46900905CA3 /* NewsEntities+CoreDataProperties.swift */ = {isa = PBXFileReference; lastKnownFileType = sourcecode.swift; path = "NewsEntities+CoreDataProperties.swift"; sourceTree = "<group>"; };
/* End PBXFileReference section */

/* Begin PBXFrameworksBuildPhase section */
		3F9F8F7E2AA5DE6900F36167 /* Frameworks */ = {
			isa = PBXFrameworksBuildPhase;
			buildActionMask = 2147483647;
			files = (
				3FDB31882AA8863200E03C7A /* SDWebImageSwiftUI in Frameworks */,
			);
			runOnlyForDeploymentPostprocessing = 0;
		};
		3F9F8F932AA5DE6B00F36167 /* Frameworks */ = {
			isa = PBXFrameworksBuildPhase;
			buildActionMask = 2147483647;
			files = (
			);
			runOnlyForDeploymentPostprocessing = 0;
		};
		3F9F8F9D2AA5DE6B00F36167 /* Frameworks */ = {
			isa = PBXFrameworksBuildPhase;
			buildActionMask = 2147483647;
			files = (
			);
			runOnlyForDeploymentPostprocessing = 0;
		};
/* End PBXFrameworksBuildPhase section */

/* Begin PBXGroup section */
		3F2469DB2AA669E400A415AA /* Network */ = {
			isa = PBXGroup;
			children = (
				3F2469DD2AA66A2B00A415AA /* APIError.swift */,
				3F2469DF2AA66A2B00A415AA /* APIManager.swift */,
				3F2469DC2AA66A2B00A415AA /* DecodingService.swift */,
				3F2469DE2AA66A2B00A415AA /* NewsGateway.swift */,
			);
			path = Network;
			sourceTree = "<group>";
		};
		3F2469E42AA66B1E00A415AA /* Model */ = {
			isa = PBXGroup;
			children = (
				3F2469E52AA66B3A00A415AA /* NewsModel.swift */,
			);
			path = Model;
			sourceTree = "<group>";
		};
		3F2469E72AA66F0E00A415AA /* Home */ = {
			isa = PBXGroup;
			children = (
				3F9F8F862AA5DE6900F36167 /* HomeView.swift */,
				3F2469E82AA66F3A00A415AA /* HomeVM.swift */,
				3F2469EA2AA670A200A415AA /* HomeDataSourceProtocol.swift */,
				3FDB31892AA8B8B800E03C7A /* DetailsView.swift */,
			);
			path = Home;
			sourceTree = "<group>";
		};
		3F9F8F782AA5DE6900F36167 = {
			isa = PBXGroup;
			children = (
				3F9F8F832AA5DE6900F36167 /* Seam labs Task */,
				3F9F8F992AA5DE6B00F36167 /* Seam labs TaskTests */,
				3F9F8FA32AA5DE6B00F36167 /* Seam labs TaskUITests */,
				3F9F8F822AA5DE6900F36167 /* Products */,
			);
			sourceTree = "<group>";
		};
		3F9F8F822AA5DE6900F36167 /* Products */ = {
			isa = PBXGroup;
			children = (
				3F9F8F812AA5DE6900F36167 /* Seam labs Task.app */,
				3F9F8F962AA5DE6B00F36167 /* Seam labs TaskTests.xctest */,
				3F9F8FA02AA5DE6B00F36167 /* Seam labs TaskUITests.xctest */,
			);
			name = Products;
			sourceTree = "<group>";
		};
		3F9F8F832AA5DE6900F36167 /* Seam labs Task */ = {
			isa = PBXGroup;
			children = (
				3FE512A72AA7A9B700905CA3 /* LocalDB */,
				3F2469E42AA66B1E00A415AA /* Model */,
				3F2469DB2AA669E400A415AA /* Network */,
				3F9F8F842AA5DE6900F36167 /* Seam_labs_TaskApp.swift */,
				3F2469E72AA66F0E00A415AA /* Home */,
				3F9F8F882AA5DE6A00F36167 /* Assets.xcassets */,
				3F9F8F8F2AA5DE6A00F36167 /* NewsEntites.xcdatamodeld */,
				3F9F8F8A2AA5DE6A00F36167 /* Preview Content */,
			);
			path = "Seam labs Task";
			sourceTree = "<group>";
		};
		3F9F8F8A2AA5DE6A00F36167 /* Preview Content */ = {
			isa = PBXGroup;
			children = (
				3F9F8F8B2AA5DE6A00F36167 /* Preview Assets.xcassets */,
			);
			path = "Preview Content";
			sourceTree = "<group>";
		};
		3F9F8F992AA5DE6B00F36167 /* Seam labs TaskTests */ = {
			isa = PBXGroup;
			children = (
				3F9F8F9A2AA5DE6B00F36167 /* Seam_labs_TaskTests.swift */,
			);
			path = "Seam labs TaskTests";
			sourceTree = "<group>";
		};
		3F9F8FA32AA5DE6B00F36167 /* Seam labs TaskUITests */ = {
			isa = PBXGroup;
			children = (
				3F9F8FA42AA5DE6B00F36167 /* Seam_labs_TaskUITests.swift */,
				3F9F8FA62AA5DE6B00F36167 /* Seam_labs_TaskUITestsLaunchTests.swift */,
			);
			path = "Seam labs TaskUITests";
			sourceTree = "<group>";
		};
		3FE512A72AA7A9B700905CA3 /* LocalDB */ = {
			isa = PBXGroup;
			children = (
				3FE512A82AA7A9FA00905CA3 /* DatabaseManager.swift */,
				3FE512AA2AA7B0B600905CA3 /* CoreDataStackManager.swift */,
				3FE512AC2AA7B1FD00905CA3 /* HomeLocalDataSource.swift */,
				3FE512AE2AA7B2BF00905CA3 /* NewEntities+CoreDataClass.swift */,
				3FE512B02AA7B46900905CA3 /* NewsEntities+CoreDataProperties.swift */,
			);
			path = LocalDB;
			sourceTree = "<group>";
		};
/* End PBXGroup section */

/* Begin PBXNativeTarget section */
		3F9F8F802AA5DE6900F36167 /* Seam labs Task */ = {
			isa = PBXNativeTarget;
			buildConfigurationList = 3F9F8FAA2AA5DE6B00F36167 /* Build configuration list for PBXNativeTarget "Seam labs Task" */;
			buildPhases = (
				3F9F8F7D2AA5DE6900F36167 /* Sources */,
				3F9F8F7E2AA5DE6900F36167 /* Frameworks */,
				3F9F8F7F2AA5DE6900F36167 /* Resources */,
			);
			buildRules = (
			);
			dependencies = (
			);
			name = "Seam labs Task";
			packageProductDependencies = (
				3FDB31872AA8863200E03C7A /* SDWebImageSwiftUI */,
			);
			productName = "Seam labs Task";
			productReference = 3F9F8F812AA5DE6900F36167 /* Seam labs Task.app */;
			productType = "com.apple.product-type.application";
		};
		3F9F8F952AA5DE6B00F36167 /* Seam labs TaskTests */ = {
			isa = PBXNativeTarget;
			buildConfigurationList = 3F9F8FAD2AA5DE6B00F36167 /* Build configuration list for PBXNativeTarget "Seam labs TaskTests" */;
			buildPhases = (
				3F9F8F922AA5DE6B00F36167 /* Sources */,
				3F9F8F932AA5DE6B00F36167 /* Frameworks */,
				3F9F8F942AA5DE6B00F36167 /* Resources */,
			);
			buildRules = (
			);
			dependencies = (
				3F9F8F982AA5DE6B00F36167 /* PBXTargetDependency */,
			);
			name = "Seam labs TaskTests";
			productName = "Seam labs TaskTests";
			productReference = 3F9F8F962AA5DE6B00F36167 /* Seam labs TaskTests.xctest */;
			productType = "com.apple.product-type.bundle.unit-test";
		};
		3F9F8F9F2AA5DE6B00F36167 /* Seam labs TaskUITests */ = {
			isa = PBXNativeTarget;
			buildConfigurationList = 3F9F8FB02AA5DE6B00F36167 /* Build configuration list for PBXNativeTarget "Seam labs TaskUITests" */;
			buildPhases = (
				3F9F8F9C2AA5DE6B00F36167 /* Sources */,
				3F9F8F9D2AA5DE6B00F36167 /* Frameworks */,
				3F9F8F9E2AA5DE6B00F36167 /* Resources */,
			);
			buildRules = (
			);
			dependencies = (
				3F9F8FA22AA5DE6B00F36167 /* PBXTargetDependency */,
			);
			name = "Seam labs TaskUITests";
			productName = "Seam labs TaskUITests";
			productReference = 3F9F8FA02AA5DE6B00F36167 /* Seam labs TaskUITests.xctest */;
			productType = "com.apple.product-type.bundle.ui-testing";
		};
/* End PBXNativeTarget section */

/* Begin PBXProject section */
		3F9F8F792AA5DE6900F36167 /* Project object */ = {
			isa = PBXProject;
			attributes = {
				BuildIndependentTargetsInParallel = 1;
				LastSwiftUpdateCheck = 1430;
				LastUpgradeCheck = 1430;
				TargetAttributes = {
					3F9F8F802AA5DE6900F36167 = {
						CreatedOnToolsVersion = 14.3.1;
					};
					3F9F8F952AA5DE6B00F36167 = {
						CreatedOnToolsVersion = 14.3.1;
						TestTargetID = 3F9F8F802AA5DE6900F36167;
					};
					3F9F8F9F2AA5DE6B00F36167 = {
						CreatedOnToolsVersion = 14.3.1;
						TestTargetID = 3F9F8F802AA5DE6900F36167;
					};
				};
			};
			buildConfigurationList = 3F9F8F7C2AA5DE6900F36167 /* Build configuration list for PBXProject "Seam labs Task" */;
			compatibilityVersion = "Xcode 14.0";
			developmentRegion = en;
			hasScannedForEncodings = 0;
			knownRegions = (
				en,
				Base,
			);
			mainGroup = 3F9F8F782AA5DE6900F36167;
			packageReferences = (
				3FDB31862AA8863200E03C7A /* XCRemoteSwiftPackageReference "SDWebImageSwiftUI" */,
			);
			productRefGroup = 3F9F8F822AA5DE6900F36167 /* Products */;
			projectDirPath = "";
			projectRoot = "";
			targets = (
				3F9F8F802AA5DE6900F36167 /* Seam labs Task */,
				3F9F8F952AA5DE6B00F36167 /* Seam labs TaskTests */,
				3F9F8F9F2AA5DE6B00F36167 /* Seam labs TaskUITests */,
			);
		};
/* End PBXProject section */

/* Begin PBXResourcesBuildPhase section */
		3F9F8F7F2AA5DE6900F36167 /* Resources */ = {
			isa = PBXResourcesBuildPhase;
			buildActionMask = 2147483647;
			files = (
				3F9F8F8C2AA5DE6A00F36167 /* Preview Assets.xcassets in Resources */,
				3F9F8F892AA5DE6A00F36167 /* Assets.xcassets in Resources */,
			);
			runOnlyForDeploymentPostprocessing = 0;
		};
		3F9F8F942AA5DE6B00F36167 /* Resources */ = {
			isa = PBXResourcesBuildPhase;
			buildActionMask = 2147483647;
			files = (
			);
			runOnlyForDeploymentPostprocessing = 0;
		};
		3F9F8F9E2AA5DE6B00F36167 /* Resources */ = {
			isa = PBXResourcesBuildPhase;
			buildActionMask = 2147483647;
			files = (
			);
			runOnlyForDeploymentPostprocessing = 0;
		};
/* End PBXResourcesBuildPhase section */

/* Begin PBXSourcesBuildPhase section */
		3F9F8F7D2AA5DE6900F36167 /* Sources */ = {
			isa = PBXSourcesBuildPhase;
			buildActionMask = 2147483647;
			files = (
				3F2469E32AA66A2B00A415AA /* APIManager.swift in Sources */,
				3FE512A92AA7A9FB00905CA3 /* DatabaseManager.swift in Sources */,
				3F2469E92AA66F3A00A415AA /* HomeVM.swift in Sources */,
				3F9F8F912AA5DE6A00F36167 /* NewsEntites.xcdatamodeld in Sources */,
				3F2469E62AA66B3A00A415AA /* NewsModel.swift in Sources */,
				3FE512AB2AA7B0B600905CA3 /* CoreDataStackManager.swift in Sources */,
				3F2469E02AA66A2B00A415AA /* DecodingService.swift in Sources */,
				3FE512B12AA7B46900905CA3 /* NewsEntities+CoreDataProperties.swift in Sources */,
				3F9F8F872AA5DE6900F36167 /* HomeView.swift in Sources */,
				3F2469E22AA66A2B00A415AA /* NewsGateway.swift in Sources */,
				3F2469EB2AA670A200A415AA /* HomeDataSourceProtocol.swift in Sources */,
				3FE512AD2AA7B1FD00905CA3 /* HomeLocalDataSource.swift in Sources */,
				3FE512AF2AA7B2BF00905CA3 /* NewEntities+CoreDataClass.swift in Sources */,
				3FDB318A2AA8B8B800E03C7A /* DetailsView.swift in Sources */,
				3F9F8F852AA5DE6900F36167 /* Seam_labs_TaskApp.swift in Sources */,
				3F2469E12AA66A2B00A415AA /* APIError.swift in Sources */,
			);
			runOnlyForDeploymentPostprocessing = 0;
		};
		3F9F8F922AA5DE6B00F36167 /* Sources */ = {
			isa = PBXSourcesBuildPhase;
			buildActionMask = 2147483647;
			files = (
				3F9F8F9B2AA5DE6B00F36167 /* Seam_labs_TaskTests.swift in Sources */,
			);
			runOnlyForDeploymentPostprocessing = 0;
		};
		3F9F8F9C2AA5DE6B00F36167 /* Sources */ = {
			isa = PBXSourcesBuildPhase;
			buildActionMask = 2147483647;
			files = (
				3F9F8FA52AA5DE6B00F36167 /* Seam_labs_TaskUITests.swift in Sources */,
				3F9F8FA72AA5DE6B00F36167 /* Seam_labs_TaskUITestsLaunchTests.swift in Sources */,
			);
			runOnlyForDeploymentPostprocessing = 0;
		};
/* End PBXSourcesBuildPhase section */

/* Begin PBXTargetDependency section */
		3F9F8F982AA5DE6B00F36167 /* PBXTargetDependency */ = {
			isa = PBXTargetDependency;
			target = 3F9F8F802AA5DE6900F36167 /* Seam labs Task */;
			targetProxy = 3F9F8F972AA5DE6B00F36167 /* PBXContainerItemProxy */;
		};
		3F9F8FA22AA5DE6B00F36167 /* PBXTargetDependency */ = {
			isa = PBXTargetDependency;
			target = 3F9F8F802AA5DE6900F36167 /* Seam labs Task */;
			targetProxy = 3F9F8FA12AA5DE6B00F36167 /* PBXContainerItemProxy */;
		};
/* End PBXTargetDependency section */

/* Begin XCBuildConfiguration section */
		3F9F8FA82AA5DE6B00F36167 /* Debug */ = {
			isa = XCBuildConfiguration;
			buildSettings = {
				ALWAYS_SEARCH_USER_PATHS = NO;
				CLANG_ANALYZER_NONNULL = YES;
				CLANG_ANALYZER_NUMBER_OBJECT_CONVERSION = YES_AGGRESSIVE;
				CLANG_CXX_LANGUAGE_STANDARD = "gnu++20";
				CLANG_ENABLE_MODULES = YES;
				CLANG_ENABLE_OBJC_ARC = YES;
				CLANG_ENABLE_OBJC_WEAK = YES;
				CLANG_WARN_BLOCK_CAPTURE_AUTORELEASING = YES;
				CLANG_WARN_BOOL_CONVERSION = YES;
				CLANG_WARN_COMMA = YES;
				CLANG_WARN_CONSTANT_CONVERSION = YES;
				CLANG_WARN_DEPRECATED_OBJC_IMPLEMENTATIONS = YES;
				CLANG_WARN_DIRECT_OBJC_ISA_USAGE = YES_ERROR;
				CLANG_WARN_DOCUMENTATION_COMMENTS = YES;
				CLANG_WARN_EMPTY_BODY = YES;
				CLANG_WARN_ENUM_CONVERSION = YES;
				CLANG_WARN_INFINITE_RECURSION = YES;
				CLANG_WARN_INT_CONVERSION = YES;
				CLANG_WARN_NON_LITERAL_NULL_CONVERSION = YES;
				CLANG_WARN_OBJC_IMPLICIT_RETAIN_SELF = YES;
				CLANG_WARN_OBJC_LITERAL_CONVERSION = YES;
				CLANG_WARN_OBJC_ROOT_CLASS = YES_ERROR;
				CLANG_WARN_QUOTED_INCLUDE_IN_FRAMEWORK_HEADER = YES;
				CLANG_WARN_RANGE_LOOP_ANALYSIS = YES;
				CLANG_WARN_STRICT_PROTOTYPES = YES;
				CLANG_WARN_SUSPICIOUS_MOVE = YES;
				CLANG_WARN_UNGUARDED_AVAILABILITY = YES_AGGRESSIVE;
				CLANG_WARN_UNREACHABLE_CODE = YES;
				CLANG_WARN__DUPLICATE_METHOD_MATCH = YES;
				COPY_PHASE_STRIP = NO;
				DEBUG_INFORMATION_FORMAT = dwarf;
				ENABLE_STRICT_OBJC_MSGSEND = YES;
				ENABLE_TESTABILITY = YES;
				GCC_C_LANGUAGE_STANDARD = gnu11;
				GCC_DYNAMIC_NO_PIC = NO;
				GCC_NO_COMMON_BLOCKS = YES;
				GCC_OPTIMIZATION_LEVEL = 0;
				GCC_PREPROCESSOR_DEFINITIONS = (
					"DEBUG=1",
					"$(inherited)",
				);
				GCC_WARN_64_TO_32_BIT_CONVERSION = YES;
				GCC_WARN_ABOUT_RETURN_TYPE = YES_ERROR;
				GCC_WARN_UNDECLARED_SELECTOR = YES;
				GCC_WARN_UNINITIALIZED_AUTOS = YES_AGGRESSIVE;
				GCC_WARN_UNUSED_FUNCTION = YES;
				GCC_WARN_UNUSED_VARIABLE = YES;
				IPHONEOS_DEPLOYMENT_TARGET = 16.4;
				MTL_ENABLE_DEBUG_INFO = INCLUDE_SOURCE;
				MTL_FAST_MATH = YES;
				ONLY_ACTIVE_ARCH = YES;
				SDKROOT = iphoneos;
				SWIFT_ACTIVE_COMPILATION_CONDITIONS = DEBUG;
				SWIFT_OPTIMIZATION_LEVEL = "-Onone";
			};
			name = Debug;
		};
		3F9F8FA92AA5DE6B00F36167 /* Release */ = {
			isa = XCBuildConfiguration;
			buildSettings = {
				ALWAYS_SEARCH_USER_PATHS = NO;
				CLANG_ANALYZER_NONNULL = YES;
				CLANG_ANALYZER_NUMBER_OBJECT_CONVERSION = YES_AGGRESSIVE;
				CLANG_CXX_LANGUAGE_STANDARD = "gnu++20";
				CLANG_ENABLE_MODULES = YES;
				CLANG_ENABLE_OBJC_ARC = YES;
				CLANG_ENABLE_OBJC_WEAK = YES;
				CLANG_WARN_BLOCK_CAPTURE_AUTORELEASING = YES;
				CLANG_WARN_BOOL_CONVERSION = YES;
				CLANG_WARN_COMMA = YES;
				CLANG_WARN_CONSTANT_CONVERSION = YES;
				CLANG_WARN_DEPRECATED_OBJC_IMPLEMENTATIONS = YES;
				CLANG_WARN_DIRECT_OBJC_ISA_USAGE = YES_ERROR;
				CLANG_WARN_DOCUMENTATION_COMMENTS = YES;
				CLANG_WARN_EMPTY_BODY = YES;
				CLANG_WARN_ENUM_CONVERSION = YES;
				CLANG_WARN_INFINITE_RECURSION = YES;
				CLANG_WARN_INT_CONVERSION = YES;
				CLANG_WARN_NON_LITERAL_NULL_CONVERSION = YES;
				CLANG_WARN_OBJC_IMPLICIT_RETAIN_SELF = YES;
				CLANG_WARN_OBJC_LITERAL_CONVERSION = YES;
				CLANG_WARN_OBJC_ROOT_CLASS = YES_ERROR;
				CLANG_WARN_QUOTED_INCLUDE_IN_FRAMEWORK_HEADER = YES;
				CLANG_WARN_RANGE_LOOP_ANALYSIS = YES;
				CLANG_WARN_STRICT_PROTOTYPES = YES;
				CLANG_WARN_SUSPICIOUS_MOVE = YES;
				CLANG_WARN_UNGUARDED_AVAILABILITY = YES_AGGRESSIVE;
				CLANG_WARN_UNREACHABLE_CODE = YES;
				CLANG_WARN__DUPLICATE_METHOD_MATCH = YES;
				COPY_PHASE_STRIP = NO;
				DEBUG_INFORMATION_FORMAT = "dwarf-with-dsym";
				ENABLE_NS_ASSERTIONS = NO;
				ENABLE_STRICT_OBJC_MSGSEND = YES;
				GCC_C_LANGUAGE_STANDARD = gnu11;
				GCC_NO_COMMON_BLOCKS = YES;
				GCC_WARN_64_TO_32_BIT_CONVERSION = YES;
				GCC_WARN_ABOUT_RETURN_TYPE = YES_ERROR;
				GCC_WARN_UNDECLARED_SELECTOR = YES;
				GCC_WARN_UNINITIALIZED_AUTOS = YES_AGGRESSIVE;
				GCC_WARN_UNUSED_FUNCTION = YES;
				GCC_WARN_UNUSED_VARIABLE = YES;
				IPHONEOS_DEPLOYMENT_TARGET = 16.4;
				MTL_ENABLE_DEBUG_INFO = NO;
				MTL_FAST_MATH = YES;
				SDKROOT = iphoneos;
				SWIFT_COMPILATION_MODE = wholemodule;
				SWIFT_OPTIMIZATION_LEVEL = "-O";
				VALIDATE_PRODUCT = YES;
			};
			name = Release;
		};
		3F9F8FAB2AA5DE6B00F36167 /* Debug */ = {
			isa = XCBuildConfiguration;
			buildSettings = {
				ASSETCATALOG_COMPILER_APPICON_NAME = AppIcon;
				ASSETCATALOG_COMPILER_GLOBAL_ACCENT_COLOR_NAME = AccentColor;
				CODE_SIGN_STYLE = Automatic;
				CURRENT_PROJECT_VERSION = 1;
				DEVELOPMENT_ASSET_PATHS = "\"Seam labs Task/Preview Content\"";
				DEVELOPMENT_TEAM = W43QJ5WHKX;
				ENABLE_PREVIEWS = YES;
				GENERATE_INFOPLIST_FILE = YES;
				INFOPLIST_KEY_UIApplicationSceneManifest_Generation = YES;
				INFOPLIST_KEY_UIApplicationSupportsIndirectInputEvents = YES;
				INFOPLIST_KEY_UILaunchScreen_Generation = YES;
				INFOPLIST_KEY_UISupportedInterfaceOrientations_iPad = "UIInterfaceOrientationPortrait UIInterfaceOrientationPortraitUpsideDown UIInterfaceOrientationLandscapeLeft UIInterfaceOrientationLandscapeRight";
				INFOPLIST_KEY_UISupportedInterfaceOrientations_iPhone = "UIInterfaceOrientationPortrait UIInterfaceOrientationLandscapeLeft UIInterfaceOrientationLandscapeRight";
				LD_RUNPATH_SEARCH_PATHS = (
					"$(inherited)",
					"@executable_path/Frameworks",
				);
				MARKETING_VERSION = 1.0;
				PRODUCT_BUNDLE_IDENTIFIER = "com.amr.Seam-labs-Task";
				PRODUCT_NAME = "$(TARGET_NAME)";
				SWIFT_EMIT_LOC_STRINGS = YES;
				SWIFT_VERSION = 5.0;
				TARGETED_DEVICE_FAMILY = "1,2";
			};
			name = Debug;
		};
		3F9F8FAC2AA5DE6B00F36167 /* Release */ = {
			isa = XCBuildConfiguration;
			buildSettings = {
				ASSETCATALOG_COMPILER_APPICON_NAME = AppIcon;
				ASSETCATALOG_COMPILER_GLOBAL_ACCENT_COLOR_NAME = AccentColor;
				CODE_SIGN_STYLE = Automatic;
				CURRENT_PROJECT_VERSION = 1;
				DEVELOPMENT_ASSET_PATHS = "\"Seam labs Task/Preview Content\"";
				DEVELOPMENT_TEAM = W43QJ5WHKX;
				ENABLE_PREVIEWS = YES;
				GENERATE_INFOPLIST_FILE = YES;
				INFOPLIST_KEY_UIApplicationSceneManifest_Generation = YES;
				INFOPLIST_KEY_UIApplicationSupportsIndirectInputEvents = YES;
				INFOPLIST_KEY_UILaunchScreen_Generation = YES;
				INFOPLIST_KEY_UISupportedInterfaceOrientations_iPad = "UIInterfaceOrientationPortrait UIInterfaceOrientationPortraitUpsideDown UIInterfaceOrientationLandscapeLeft UIInterfaceOrientationLandscapeRight";
				INFOPLIST_KEY_UISupportedInterfaceOrientations_iPhone = "UIInterfaceOrientationPortrait UIInterfaceOrientationLandscapeLeft UIInterfaceOrientationLandscapeRight";
				LD_RUNPATH_SEARCH_PATHS = (
					"$(inherited)",
					"@executable_path/Frameworks",
				);
				MARKETING_VERSION = 1.0;
				PRODUCT_BUNDLE_IDENTIFIER = "com.amr.Seam-labs-Task";
				PRODUCT_NAME = "$(TARGET_NAME)";
				SWIFT_EMIT_LOC_STRINGS = YES;
				SWIFT_VERSION = 5.0;
				TARGETED_DEVICE_FAMILY = "1,2";
			};
			name = Release;
		};
		3F9F8FAE2AA5DE6B00F36167 /* Debug */ = {
			isa = XCBuildConfiguration;
			buildSettings = {
				ALWAYS_EMBED_SWIFT_STANDARD_LIBRARIES = YES;
				BUNDLE_LOADER = "$(TEST_HOST)";
				CODE_SIGN_STYLE = Automatic;
				CURRENT_PROJECT_VERSION = 1;
				DEVELOPMENT_TEAM = W43QJ5WHKX;
				GENERATE_INFOPLIST_FILE = YES;
				IPHONEOS_DEPLOYMENT_TARGET = 16.4;
				MARKETING_VERSION = 1.0;
				PRODUCT_BUNDLE_IDENTIFIER = "com.amr.Seam-labs-TaskTests";
				PRODUCT_NAME = "$(TARGET_NAME)";
				SWIFT_EMIT_LOC_STRINGS = NO;
				SWIFT_VERSION = 5.0;
				TARGETED_DEVICE_FAMILY = "1,2";
				TEST_HOST = "$(BUILT_PRODUCTS_DIR)/Seam labs Task.app/$(BUNDLE_EXECUTABLE_FOLDER_PATH)/Seam labs Task";
			};
			name = Debug;
		};
		3F9F8FAF2AA5DE6B00F36167 /* Release */ = {
			isa = XCBuildConfiguration;
			buildSettings = {
				ALWAYS_EMBED_SWIFT_STANDARD_LIBRARIES = YES;
				BUNDLE_LOADER = "$(TEST_HOST)";
				CODE_SIGN_STYLE = Automatic;
				CURRENT_PROJECT_VERSION = 1;
				DEVELOPMENT_TEAM = W43QJ5WHKX;
				GENERATE_INFOPLIST_FILE = YES;
				IPHONEOS_DEPLOYMENT_TARGET = 16.4;
				MARKETING_VERSION = 1.0;
				PRODUCT_BUNDLE_IDENTIFIER = "com.amr.Seam-labs-TaskTests";
				PRODUCT_NAME = "$(TARGET_NAME)";
				SWIFT_EMIT_LOC_STRINGS = NO;
				SWIFT_VERSION = 5.0;
				TARGETED_DEVICE_FAMILY = "1,2";
				TEST_HOST = "$(BUILT_PRODUCTS_DIR)/Seam labs Task.app/$(BUNDLE_EXECUTABLE_FOLDER_PATH)/Seam labs Task";
			};
			name = Release;
		};
		3F9F8FB12AA5DE6B00F36167 /* Debug */ = {
			isa = XCBuildConfiguration;
			buildSettings = {
				ALWAYS_EMBED_SWIFT_STANDARD_LIBRARIES = YES;
				CODE_SIGN_STYLE = Automatic;
				CURRENT_PROJECT_VERSION = 1;
				DEVELOPMENT_TEAM = W43QJ5WHKX;
				GENERATE_INFOPLIST_FILE = YES;
				MARKETING_VERSION = 1.0;
				PRODUCT_BUNDLE_IDENTIFIER = "com.amr.Seam-labs-TaskUITests";
				PRODUCT_NAME = "$(TARGET_NAME)";
				SWIFT_EMIT_LOC_STRINGS = NO;
				SWIFT_VERSION = 5.0;
				TARGETED_DEVICE_FAMILY = "1,2";
				TEST_TARGET_NAME = "Seam labs Task";
			};
			name = Debug;
		};
		3F9F8FB22AA5DE6B00F36167 /* Release */ = {
			isa = XCBuildConfiguration;
			buildSettings = {
				ALWAYS_EMBED_SWIFT_STANDARD_LIBRARIES = YES;
				CODE_SIGN_STYLE = Automatic;
				CURRENT_PROJECT_VERSION = 1;
				DEVELOPMENT_TEAM = W43QJ5WHKX;
				GENERATE_INFOPLIST_FILE = YES;
				MARKETING_VERSION = 1.0;
				PRODUCT_BUNDLE_IDENTIFIER = "com.amr.Seam-labs-TaskUITests";
				PRODUCT_NAME = "$(TARGET_NAME)";
				SWIFT_EMIT_LOC_STRINGS = NO;
				SWIFT_VERSION = 5.0;
				TARGETED_DEVICE_FAMILY = "1,2";
				TEST_TARGET_NAME = "Seam labs Task";
			};
			name = Release;
		};
/* End XCBuildConfiguration section */

/* Begin XCConfigurationList section */
		3F9F8F7C2AA5DE6900F36167 /* Build configuration list for PBXProject "Seam labs Task" */ = {
			isa = XCConfigurationList;
			buildConfigurations = (
				3F9F8FA82AA5DE6B00F36167 /* Debug */,
				3F9F8FA92AA5DE6B00F36167 /* Release */,
			);
			defaultConfigurationIsVisible = 0;
			defaultConfigurationName = Release;
		};
		3F9F8FAA2AA5DE6B00F36167 /* Build configuration list for PBXNativeTarget "Seam labs Task" */ = {
			isa = XCConfigurationList;
			buildConfigurations = (
				3F9F8FAB2AA5DE6B00F36167 /* Debug */,
				3F9F8FAC2AA5DE6B00F36167 /* Release */,
			);
			defaultConfigurationIsVisible = 0;
			defaultConfigurationName = Release;
		};
		3F9F8FAD2AA5DE6B00F36167 /* Build configuration list for PBXNativeTarget "Seam labs TaskTests" */ = {
			isa = XCConfigurationList;
			buildConfigurations = (
				3F9F8FAE2AA5DE6B00F36167 /* Debug */,
				3F9F8FAF2AA5DE6B00F36167 /* Release */,
			);
			defaultConfigurationIsVisible = 0;
			defaultConfigurationName = Release;
		};
		3F9F8FB02AA5DE6B00F36167 /* Build configuration list for PBXNativeTarget "Seam labs TaskUITests" */ = {
			isa = XCConfigurationList;
			buildConfigurations = (
				3F9F8FB12AA5DE6B00F36167 /* Debug */,
				3F9F8FB22AA5DE6B00F36167 /* Release */,
			);
			defaultConfigurationIsVisible = 0;
			defaultConfigurationName = Release;
		};
/* End XCConfigurationList section */

/* Begin XCRemoteSwiftPackageReference section */
		3FDB31862AA8863200E03C7A /* XCRemoteSwiftPackageReference "SDWebImageSwiftUI" */ = {
			isa = XCRemoteSwiftPackageReference;
			repositoryURL = "https://github.com/SDWebImage/SDWebImageSwiftUI.git";
			requirement = {
				kind = upToNextMajorVersion;
				minimumVersion = 2.0.0;
			};
		};
/* End XCRemoteSwiftPackageReference section */

/* Begin XCSwiftPackageProductDependency section */
		3FDB31872AA8863200E03C7A /* SDWebImageSwiftUI */ = {
			isa = XCSwiftPackageProductDependency;
			package = 3FDB31862AA8863200E03C7A /* XCRemoteSwiftPackageReference "SDWebImageSwiftUI" */;
			productName = SDWebImageSwiftUI;
		};
/* End XCSwiftPackageProductDependency section */

/* Begin XCVersionGroup section */
		3F9F8F8F2AA5DE6A00F36167 /* NewsEntites.xcdatamodeld */ = {
			isa = XCVersionGroup;
			children = (
				3F9F8F902AA5DE6A00F36167 /* Seam_labs_Task.xcdatamodel */,
			);
			currentVersion = 3F9F8F902AA5DE6A00F36167 /* Seam_labs_Task.xcdatamodel */;
			path = NewsEntites.xcdatamodeld;
			sourceTree = "<group>";
			versionGroupType = wrapper.xcdatamodel;
		};
/* End XCVersionGroup section */
	};
	rootObject = 3F9F8F792AA5DE6900F36167 /* Project object */;
}
